
Microsoft Visual Studio Solution File, Format Version 12.00
# Visual Studio 15
VisualStudioVersion = 15.0.27428.2037
MinimumVisualStudioVersion = 10.0.40219.1
Project("{FAE04EC0-301F-11D3-BF4B-00C04F79EFBC}") = "HelloWorldTests", "HelloWorldTests\HelloWorldTests.csproj", "{7F5F8874-0394-4FD5-AD10-DB23E1E3A892}"
EndProject
Project("{FAE04EC0-301F-11D3-BF4B-00C04F79EFBC}") = "HelloWorld", "HelloWorld\HelloWorld.csproj", "{842D2FBF-4BDC-4312-B5C1-C341B50B1D75}"
EndProject
Global
	GlobalSection(SolutionConfigurationPlatforms) = preSolution
		Debug|Any CPU = Debug|Any CPU
		Release|Any CPU = Release|Any CPU
	EndGlobalSection
	GlobalSection(ProjectConfigurationPlatforms) = postSolution
		{7F5F8874-0394-4FD5-AD10-DB23E1E3A892}.Debug|Any CPU.ActiveCfg = Debug|Any CPU
		{7F5F8874-0394-4FD5-AD10-DB23E1E3A892}.Debug|Any CPU.Build.0 = Debug|Any CPU
		{7F5F8874-0394-4FD5-AD10-DB23E1E3A892}.Release|Any CPU.ActiveCfg = Release|Any CPU
		{7F5F8874-0394-4FD5-AD10-DB23E1E3A892}.Release|Any CPU.Build.0 = Release|Any CPU
		{842D2FBF-4BDC-4312-B5C1-C341B50B1D75}.Debug|Any CPU.ActiveCfg = Debug|Any CPU
		{842D2FBF-4BDC-4312-B5C1-C341B50B1D75}.Debug|Any CPU.Build.0 = Debug|Any CPU
		{842D2FBF-4BDC-4312-B5C1-C341B50B1D75}.Release|Any CPU.ActiveCfg = Release|Any CPU
		{842D2FBF-4BDC-4312-B5C1-C341B50B1D75}.Release|Any CPU.Build.0 = Release|Any CPU
	EndGlobalSection
	GlobalSection(SolutionProperties) = preSolution
		HideSolutionNode = FALSE
	EndGlobalSection
	GlobalSection(ExtensibilityGlobals) = postSolution
		SolutionGuid = {F893AFDA-C42C-400A-9F26-F30DC209060B}
	EndGlobalSection
EndGlobal
